
Microsoft Visual Studio Solution File, Format Version 12.00
# Visual Studio 15
VisualStudioVersion = 15.0.27004.2008
MinimumVisualStudioVersion = 10.0.40219.1
Project("{FAE04EC0-301F-11D3-BF4B-00C04F79EFBC}") = "TestApp", "TestApp\TestApp.csproj", "{78B67BF5-2728-40B2-8E17-090795690277}"
EndProject
Project("{FAE04EC0-301F-11D3-BF4B-00C04F79EFBC}") = "Weboo.Examen", "Weboo.Examen\Weboo.Examen.csproj", "{6F8434F0-704B-42A3-98ED-C4C24B753FF5}"
EndProject
Global
	GlobalSection(SolutionConfigurationPlatforms) = preSolution
		Debug|Any CPU = Debug|Any CPU
		Release|Any CPU = Release|Any CPU
	EndGlobalSection
	GlobalSection(ProjectConfigurationPlatforms) = postSolution
		{78B67BF5-2728-40B2-8E17-090795690277}.Debug|Any CPU.ActiveCfg = Debug|Any CPU
		{78B67BF5-2728-40B2-8E17-090795690277}.Debug|Any CPU.Build.0 = Debug|Any CPU
		{78B67BF5-2728-40B2-8E17-090795690277}.Release|Any CPU.ActiveCfg = Release|Any CPU
		{78B67BF5-2728-40B2-8E17-090795690277}.Release|Any CPU.Build.0 = Release|Any CPU
		{6F8434F0-704B-42A3-98ED-C4C24B753FF5}.Debug|Any CPU.ActiveCfg = Debug|Any CPU
		{6F8434F0-704B-42A3-98ED-C4C24B753FF5}.Debug|Any CPU.Build.0 = Debug|Any CPU
		{6F8434F0-704B-42A3-98ED-C4C24B753FF5}.Release|Any CPU.ActiveCfg = Release|Any CPU
		{6F8434F0-704B-42A3-98ED-C4C24B753FF5}.Release|Any CPU.Build.0 = Release|Any CPU
	EndGlobalSection
	GlobalSection(SolutionProperties) = preSolution
		HideSolutionNode = FALSE
	EndGlobalSection
	GlobalSection(ExtensibilityGlobals) = postSolution
		SolutionGuid = {32520369-91B7-479E-A0D3-A468A9D571CF}
	EndGlobalSection
EndGlobal
